{
  "nodes": {
    "accesskit-c-src": {
      "flake": false,
      "locked": {
        "lastModified": 1769768689,
        "narHash": "sha256-TlCgrCoqPqm/uVQo3Ve7+Agc5tZQxKL8HgQLCrj+78M=",
        "owner": "AccessKit",
        "repo": "accesskit-c",
        "rev": "6af97c9704f0c14a6690b2acc89f90956835f7f1",
        "type": "github"
      },
      "original": {
        "owner": "AccessKit",
        "repo": "accesskit-c",
        "type": "github"
      }
    },
    "nixpkgs": {
      "locked": {
        "lastModified": 1769789167,
        "narHash": "sha256-kKB3bqYJU5nzYeIROI82Ef9VtTbu4uA3YydSk/Bioa8=",
        "owner": "NixOS",
        "repo": "nixpkgs",
        "rev": "62c8382960464ceb98ea593cb8321a2cf8f9e3e5",
        "type": "github"
      },
      "original": {
        "owner": "NixOS",
        "ref": "nixos-unstable",
        "repo": "nixpkgs",
        "type": "github"
      }
    },
    "root": {
      "inputs": {
        "accesskit-c-src": "accesskit-c-src",
        "nixpkgs": "nixpkgs"
      }
    }
  },
  "root": "root",
  "version": 7
}
