{
  "nodes": {
    "accesskit-c-src": {
      "flake": false,
      "locked": {
        "lastModified": 1773268823,
        "narHash": "sha256-/P8MMWNVwWb7pM56DTUDGP23UuXnLQ4hYMXdSCZbsBQ=",
        "owner": "AccessKit",
        "repo": "accesskit-c",
        "rev": "72460cd52d1b24492393cdf54a6f19d2fd63e258",
        "type": "github"
      },
      "original": {
        "owner": "AccessKit",
        "repo": "accesskit-c",
        "type": "github"
      }
    },
    "lexbor-src": {
      "flake": false,
      "locked": {
        "lastModified": 1772957900,
        "narHash": "sha256-MfPoNNiLbPt6/uUSO51E1Ob90fQeWxu2MISlrPZ/ILw=",
        "owner": "lexbor",
        "repo": "lexbor",
        "rev": "2a2b5597245cea33c44c72bd3d0459a26aebe7ec",
        "type": "github"
      },
      "original": {
        "owner": "lexbor",
        "repo": "lexbor",
        "type": "github"
      }
    },
    "nixpkgs": {
      "locked": {
        "lastModified": 1773122722,
        "narHash": "sha256-FIqHByVqxCprNjor1NqF80F2QQoiiyqanNNefdlvOg4=",
        "owner": "NixOS",
        "repo": "nixpkgs",
        "rev": "62dc67aa6a52b4364dd75994ec00b51fbf474e50",
        "type": "github"
      },
      "original": {
        "owner": "NixOS",
        "ref": "nixos-unstable",
        "repo": "nixpkgs",
        "type": "github"
      }
    },
    "root": {
      "inputs": {
        "accesskit-c-src": "accesskit-c-src",
        "lexbor-src": "lexbor-src",
        "nixpkgs": "nixpkgs"
      }
    }
  },
  "root": "root",
  "version": 7
}
